// !$*UTF8*$!
{
	archiveVersion = 1;
	classes = {
	};
	objectVersion = 46;
	objects = {

/* Begin PBXBuildFile section */
		D846CB211D62228300532BEF /* ProgramacaoTableViewController.swift in Sources */ = {isa = PBXBuildFile; fileRef = D846CB201D62228300532BEF /* ProgramacaoTableViewController.swift */; };
		D846CB231D6222BB00532BEF /* ProgramacaoTableViewCell.swift in Sources */ = {isa = PBXBuildFile; fileRef = D846CB221D6222BB00532BEF /* ProgramacaoTableViewCell.swift */; };
		D846CB261D622CBB00532BEF /* FavoritosTableViewController.swift in Sources */ = {isa = PBXBuildFile; fileRef = D846CB251D622CBB00532BEF /* FavoritosTableViewController.swift */; };
		D846CB291D622CE600532BEF /* FavoritosTableViewCell.swift in Sources */ = {isa = PBXBuildFile; fileRef = D846CB281D622CE600532BEF /* FavoritosTableViewCell.swift */; };
		D846CB2C1D622D9300532BEF /* SobreTableViewController.swift in Sources */ = {isa = PBXBuildFile; fileRef = D846CB2B1D622D9300532BEF /* SobreTableViewController.swift */; };
		D846CB2E1D622DAF00532BEF /* SobreTableViewCell.swift in Sources */ = {isa = PBXBuildFile; fileRef = D846CB2D1D622DAF00532BEF /* SobreTableViewCell.swift */; };
		D846CB321D623B0F00532BEF /* EventoViewController.swift in Sources */ = {isa = PBXBuildFile; fileRef = D846CB311D623B0F00532BEF /* EventoViewController.swift */; };
		D846CB341D62550300532BEF /* data.json in Resources */ = {isa = PBXBuildFile; fileRef = D846CB331D62550300532BEF /* data.json */; };
		D846CB361D6264AD00532BEF /* HomeViewController.swift in Sources */ = {isa = PBXBuildFile; fileRef = D846CB351D6264AD00532BEF /* HomeViewController.swift */; };
		D86E0FF61D6122C3007C6849 /* AppDelegate.swift in Sources */ = {isa = PBXBuildFile; fileRef = D86E0FF51D6122C3007C6849 /* AppDelegate.swift */; };
		D86E0FFB1D6122C3007C6849 /* Main.storyboard in Resources */ = {isa = PBXBuildFile; fileRef = D86E0FF91D6122C3007C6849 /* Main.storyboard */; };
		D86E0FFE1D6122C3007C6849 /* SECOMP.xcdatamodeld in Sources */ = {isa = PBXBuildFile; fileRef = D86E0FFC1D6122C3007C6849 /* SECOMP.xcdatamodeld */; };
		D86E10001D6122C3007C6849 /* Assets.xcassets in Resources */ = {isa = PBXBuildFile; fileRef = D86E0FFF1D6122C3007C6849 /* Assets.xcassets */; };
		D86E10031D6122C3007C6849 /* LaunchScreen.storyboard in Resources */ = {isa = PBXBuildFile; fileRef = D86E10011D6122C3007C6849 /* LaunchScreen.storyboard */; };
		D86E10141D613414007C6849 /* Fabric.framework in Frameworks */ = {isa = PBXBuildFile; fileRef = D86E10101D613414007C6849 /* Fabric.framework */; };
		D86E10151D613414007C6849 /* TwitterKit.framework in Frameworks */ = {isa = PBXBuildFile; fileRef = D86E10111D613414007C6849 /* TwitterKit.framework */; };
		D86E10161D613414007C6849 /* TwitterKitResources.bundle in Resources */ = {isa = PBXBuildFile; fileRef = D86E10121D613414007C6849 /* TwitterKitResources.bundle */; };
		D86E10171D613414007C6849 /* TwitterCore.framework in Frameworks */ = {isa = PBXBuildFile; fileRef = D86E10131D613414007C6849 /* TwitterCore.framework */; };
		D86E101A1D61360C007C6849 /* TwitterTimelineViewController.swift in Sources */ = {isa = PBXBuildFile; fileRef = D86E10191D61360C007C6849 /* TwitterTimelineViewController.swift */; };
/* End PBXBuildFile section */

/* Begin PBXFileReference section */
		D846CB201D62228300532BEF /* ProgramacaoTableViewController.swift */ = {isa = PBXFileReference; fileEncoding = 4; lastKnownFileType = sourcecode.swift; path = ProgramacaoTableViewController.swift; sourceTree = "<group>"; };
		D846CB221D6222BB00532BEF /* ProgramacaoTableViewCell.swift */ = {isa = PBXFileReference; fileEncoding = 4; lastKnownFileType = sourcecode.swift; path = ProgramacaoTableViewCell.swift; sourceTree = "<group>"; };
		D846CB251D622CBB00532BEF /* FavoritosTableViewController.swift */ = {isa = PBXFileReference; fileEncoding = 4; lastKnownFileType = sourcecode.swift; path = FavoritosTableViewController.swift; sourceTree = "<group>"; };
		D846CB281D622CE600532BEF /* FavoritosTableViewCell.swift */ = {isa = PBXFileReference; fileEncoding = 4; lastKnownFileType = sourcecode.swift; path = FavoritosTableViewCell.swift; sourceTree = "<group>"; };
		D846CB2B1D622D9300532BEF /* SobreTableViewController.swift */ = {isa = PBXFileReference; fileEncoding = 4; lastKnownFileType = sourcecode.swift; path = SobreTableViewController.swift; sourceTree = "<group>"; };
		D846CB2D1D622DAF00532BEF /* SobreTableViewCell.swift */ = {isa = PBXFileReference; fileEncoding = 4; lastKnownFileType = sourcecode.swift; path = SobreTableViewCell.swift; sourceTree = "<group>"; };
		D846CB311D623B0F00532BEF /* EventoViewController.swift */ = {isa = PBXFileReference; fileEncoding = 4; lastKnownFileType = sourcecode.swift; path = EventoViewController.swift; sourceTree = "<group>"; };
		D846CB331D62550300532BEF /* data.json */ = {isa = PBXFileReference; fileEncoding = 4; lastKnownFileType = text.json; path = data.json; sourceTree = "<group>"; };
		D846CB351D6264AD00532BEF /* HomeViewController.swift */ = {isa = PBXFileReference; fileEncoding = 4; lastKnownFileType = sourcecode.swift; path = HomeViewController.swift; sourceTree = "<group>"; };
		D86E0FF21D6122C3007C6849 /* SECOMP.app */ = {isa = PBXFileReference; explicitFileType = wrapper.application; includeInIndex = 0; path = SECOMP.app; sourceTree = BUILT_PRODUCTS_DIR; };
		D86E0FF51D6122C3007C6849 /* AppDelegate.swift */ = {isa = PBXFileReference; lastKnownFileType = sourcecode.swift; path = AppDelegate.swift; sourceTree = "<group>"; };
		D86E0FFA1D6122C3007C6849 /* Base */ = {isa = PBXFileReference; lastKnownFileType = file.storyboard; name = Base; path = Base.lproj/Main.storyboard; sourceTree = "<group>"; };
		D86E0FFD1D6122C3007C6849 /* SECOMP.xcdatamodel */ = {isa = PBXFileReference; lastKnownFileType = wrapper.xcdatamodel; path = SECOMP.xcdatamodel; sourceTree = "<group>"; };
		D86E0FFF1D6122C3007C6849 /* Assets.xcassets */ = {isa = PBXFileReference; lastKnownFileType = folder.assetcatalog; path = Assets.xcassets; sourceTree = "<group>"; };
		D86E10021D6122C3007C6849 /* Base */ = {isa = PBXFileReference; lastKnownFileType = file.storyboard; name = Base; path = Base.lproj/LaunchScreen.storyboard; sourceTree = "<group>"; };
		D86E10041D6122C3007C6849 /* Info.plist */ = {isa = PBXFileReference; lastKnownFileType = text.plist.xml; path = Info.plist; sourceTree = "<group>"; };
		D86E10101D613414007C6849 /* Fabric.framework */ = {isa = PBXFileReference; lastKnownFileType = wrapper.framework; path = Fabric.framework; sourceTree = SOURCE_ROOT; };
		D86E10111D613414007C6849 /* TwitterKit.framework */ = {isa = PBXFileReference; lastKnownFileType = wrapper.framework; path = TwitterKit.framework; sourceTree = SOURCE_ROOT; };
		D86E10121D613414007C6849 /* TwitterKitResources.bundle */ = {isa = PBXFileReference; lastKnownFileType = "wrapper.plug-in"; name = TwitterKitResources.bundle; path = TwitterKit.framework/Versions/A/Resources/TwitterKitResources.bundle; sourceTree = SOURCE_ROOT; };
		D86E10131D613414007C6849 /* TwitterCore.framework */ = {isa = PBXFileReference; lastKnownFileType = wrapper.framework; path = TwitterCore.framework; sourceTree = SOURCE_ROOT; };
		D86E10191D61360C007C6849 /* TwitterTimelineViewController.swift */ = {isa = PBXFileReference; fileEncoding = 4; lastKnownFileType = sourcecode.swift; path = TwitterTimelineViewController.swift; sourceTree = "<group>"; };
/* End PBXFileReference section */

/* Begin PBXFrameworksBuildPhase section */
		D86E0FEF1D6122C3007C6849 /* Frameworks */ = {
			isa = PBXFrameworksBuildPhase;
			buildActionMask = 2147483647;
			files = (
				D86E10141D613414007C6849 /* Fabric.framework in Frameworks */,
				D86E10171D613414007C6849 /* TwitterCore.framework in Frameworks */,
				D86E10151D613414007C6849 /* TwitterKit.framework in Frameworks */,
			);
			runOnlyForDeploymentPostprocessing = 0;
		};
/* End PBXFrameworksBuildPhase section */

/* Begin PBXGroup section */
		D846CB241D6222CC00532BEF /* Programaçao */ = {
			isa = PBXGroup;
			children = (
				D846CB201D62228300532BEF /* ProgramacaoTableViewController.swift */,
				D846CB221D6222BB00532BEF /* ProgramacaoTableViewCell.swift */,
				D846CB311D623B0F00532BEF /* EventoViewController.swift */,
			);
			name = "Programaçao";
			sourceTree = "<group>";
		};
		D846CB271D622CC100532BEF /* Favoritos */ = {
			isa = PBXGroup;
			children = (
				D846CB251D622CBB00532BEF /* FavoritosTableViewController.swift */,
				D846CB281D622CE600532BEF /* FavoritosTableViewCell.swift */,
			);
			name = Favoritos;
			sourceTree = "<group>";
		};
		D846CB2A1D622D6700532BEF /* Sobre */ = {
			isa = PBXGroup;
			children = (
				D846CB2B1D622D9300532BEF /* SobreTableViewController.swift */,
				D846CB2D1D622DAF00532BEF /* SobreTableViewCell.swift */,
			);
			name = Sobre;
			sourceTree = "<group>";
		};
		D846CB2F1D622DBD00532BEF /* Twitter */ = {
			isa = PBXGroup;
			children = (
				D86E10191D61360C007C6849 /* TwitterTimelineViewController.swift */,
			);
			name = Twitter;
			sourceTree = "<group>";
		};
		D846CB301D622E0800532BEF /* Home */ = {
			isa = PBXGroup;
			children = (
				D846CB351D6264AD00532BEF /* HomeViewController.swift */,
			);
			name = Home;
			sourceTree = "<group>";
		};
		D86E0FE91D6122C3007C6849 = {
			isa = PBXGroup;
			children = (
				D86E0FF41D6122C3007C6849 /* SECOMP */,
				D86E0FF31D6122C3007C6849 /* Products */,
			);
			sourceTree = "<group>";
		};
		D86E0FF31D6122C3007C6849 /* Products */ = {
			isa = PBXGroup;
			children = (
				D86E0FF21D6122C3007C6849 /* SECOMP.app */,
			);
			name = Products;
			sourceTree = "<group>";
		};
		D86E0FF41D6122C3007C6849 /* SECOMP */ = {
			isa = PBXGroup;
			children = (
				D86E10181D6134FC007C6849 /* FabricFramework */,
				D86E100E1D61235B007C6849 /* Controller */,
				D86E100D1D612341007C6849 /* View */,
				D86E100C1D612336007C6849 /* Model */,
				D86E100B1D612320007C6849 /* supportFiles */,
			);
			path = SECOMP;
			sourceTree = "<group>";
		};
		D86E100B1D612320007C6849 /* supportFiles */ = {
			isa = PBXGroup;
			children = (
				D86E0FF51D6122C3007C6849 /* AppDelegate.swift */,
				D86E0FFF1D6122C3007C6849 /* Assets.xcassets */,
				D86E10041D6122C3007C6849 /* Info.plist */,
			);
			name = supportFiles;
			sourceTree = "<group>";
		};
		D86E100C1D612336007C6849 /* Model */ = {
			isa = PBXGroup;
			children = (
				D846CB331D62550300532BEF /* data.json */,
				D86E0FFC1D6122C3007C6849 /* SECOMP.xcdatamodeld */,
			);
			name = Model;
			sourceTree = "<group>";
		};
		D86E100D1D612341007C6849 /* View */ = {
			isa = PBXGroup;
			children = (
				D86E0FF91D6122C3007C6849 /* Main.storyboard */,
				D86E10011D6122C3007C6849 /* LaunchScreen.storyboard */,
			);
			name = View;
			sourceTree = "<group>";
		};
		D86E100E1D61235B007C6849 /* Controller */ = {
			isa = PBXGroup;
			children = (
				D846CB301D622E0800532BEF /* Home */,
				D846CB241D6222CC00532BEF /* Programaçao */,
				D846CB2F1D622DBD00532BEF /* Twitter */,
				D846CB271D622CC100532BEF /* Favoritos */,
				D846CB2A1D622D6700532BEF /* Sobre */,
			);
			name = Controller;
			sourceTree = "<group>";
		};
		D86E10181D6134FC007C6849 /* FabricFramework */ = {
			isa = PBXGroup;
			children = (
				D86E10101D613414007C6849 /* Fabric.framework */,
				D86E10111D613414007C6849 /* TwitterKit.framework */,
				D86E10121D613414007C6849 /* TwitterKitResources.bundle */,
				D86E10131D613414007C6849 /* TwitterCore.framework */,
			);
			name = FabricFramework;
			sourceTree = "<group>";
		};
/* End PBXGroup section */

/* Begin PBXNativeTarget section */
		D86E0FF11D6122C3007C6849 /* SECOMP */ = {
			isa = PBXNativeTarget;
			buildConfigurationList = D86E10071D6122C3007C6849 /* Build configuration list for PBXNativeTarget "SECOMP" */;
			buildPhases = (
				D86E0FEE1D6122C3007C6849 /* Sources */,
				D86E0FEF1D6122C3007C6849 /* Frameworks */,
				D86E0FF01D6122C3007C6849 /* Resources */,
				D86E100F1D6133A4007C6849 /* ShellScript */,
			);
			buildRules = (
			);
			dependencies = (
			);
			name = SECOMP;
			productName = SECOMP;
			productReference = D86E0FF21D6122C3007C6849 /* SECOMP.app */;
			productType = "com.apple.product-type.application";
		};
/* End PBXNativeTarget section */

/* Begin PBXProject section */
		D86E0FEA1D6122C3007C6849 /* Project object */ = {
			isa = PBXProject;
			attributes = {
				LastSwiftUpdateCheck = 0730;
				LastUpgradeCheck = 0730;
				ORGANIZATIONNAME = secompufscar;
				TargetAttributes = {
					D86E0FF11D6122C3007C6849 = {
						CreatedOnToolsVersion = 7.3.1;
					};
				};
			};
			buildConfigurationList = D86E0FED1D6122C3007C6849 /* Build configuration list for PBXProject "SECOMP" */;
			compatibilityVersion = "Xcode 3.2";
			developmentRegion = English;
			hasScannedForEncodings = 0;
			knownRegions = (
				en,
				Base,
			);
			mainGroup = D86E0FE91D6122C3007C6849;
			productRefGroup = D86E0FF31D6122C3007C6849 /* Products */;
			projectDirPath = "";
			projectRoot = "";
			targets = (
				D86E0FF11D6122C3007C6849 /* SECOMP */,
			);
		};
/* End PBXProject section */

/* Begin PBXResourcesBuildPhase section */
		D86E0FF01D6122C3007C6849 /* Resources */ = {
			isa = PBXResourcesBuildPhase;
			buildActionMask = 2147483647;
			files = (
				D86E10161D613414007C6849 /* TwitterKitResources.bundle in Resources */,
				D86E10031D6122C3007C6849 /* LaunchScreen.storyboard in Resources */,
				D86E10001D6122C3007C6849 /* Assets.xcassets in Resources */,
				D846CB341D62550300532BEF /* data.json in Resources */,
				D86E0FFB1D6122C3007C6849 /* Main.storyboard in Resources */,
			);
			runOnlyForDeploymentPostprocessing = 0;
		};
/* End PBXResourcesBuildPhase section */

/* Begin PBXShellScriptBuildPhase section */
		D86E100F1D6133A4007C6849 /* ShellScript */ = {
			isa = PBXShellScriptBuildPhase;
			buildActionMask = 12;
			files = (
			);
			inputPaths = (
			);
			outputPaths = (
			);
			runOnlyForDeploymentPostprocessing = 0;
			shellPath = /bin/sh;
			shellScript = "./Fabric.framework/run 8ca5961d86c2f73d3d8edb92e3d42e2d310a9bfb 4c48d9db1b6193191b20d2a1d4997913b91565bff82a75688ff7ebf25bd9e415";
		};
/* End PBXShellScriptBuildPhase section */

/* Begin PBXSourcesBuildPhase section */
		D86E0FEE1D6122C3007C6849 /* Sources */ = {
			isa = PBXSourcesBuildPhase;
			buildActionMask = 2147483647;
			files = (
				D846CB231D6222BB00532BEF /* ProgramacaoTableViewCell.swift in Sources */,
				D846CB2C1D622D9300532BEF /* SobreTableViewController.swift in Sources */,
				D86E0FFE1D6122C3007C6849 /* SECOMP.xcdatamodeld in Sources */,
				D846CB321D623B0F00532BEF /* EventoViewController.swift in Sources */,
				D86E0FF61D6122C3007C6849 /* AppDelegate.swift in Sources */,
				D846CB211D62228300532BEF /* ProgramacaoTableViewController.swift in Sources */,
				D846CB261D622CBB00532BEF /* FavoritosTableViewController.swift in Sources */,
				D846CB361D6264AD00532BEF /* HomeViewController.swift in Sources */,
				D86E101A1D61360C007C6849 /* TwitterTimelineViewController.swift in Sources */,
				D846CB291D622CE600532BEF /* FavoritosTableViewCell.swift in Sources */,
				D846CB2E1D622DAF00532BEF /* SobreTableViewCell.swift in Sources */,
			);
			runOnlyForDeploymentPostprocessing = 0;
		};
/* End PBXSourcesBuildPhase section */

/* Begin PBXVariantGroup section */
		D86E0FF91D6122C3007C6849 /* Main.storyboard */ = {
			isa = PBXVariantGroup;
			children = (
				D86E0FFA1D6122C3007C6849 /* Base */,
			);
			name = Main.storyboard;
			sourceTree = "<group>";
		};
		D86E10011D6122C3007C6849 /* LaunchScreen.storyboard */ = {
			isa = PBXVariantGroup;
			children = (
				D86E10021D6122C3007C6849 /* Base */,
			);
			name = LaunchScreen.storyboard;
			sourceTree = "<group>";
		};
/* End PBXVariantGroup section */

/* Begin XCBuildConfiguration section */
		D86E10051D6122C3007C6849 /* Debug */ = {
			isa = XCBuildConfiguration;
			buildSettings = {
				ALWAYS_SEARCH_USER_PATHS = NO;
				CLANG_ANALYZER_NONNULL = YES;
				CLANG_CXX_LANGUAGE_STANDARD = "gnu++0x";
				CLANG_CXX_LIBRARY = "libc++";
				CLANG_ENABLE_MODULES = YES;
				CLANG_ENABLE_OBJC_ARC = YES;
				CLANG_WARN_BOOL_CONVERSION = YES;
				CLANG_WARN_CONSTANT_CONVERSION = YES;
				CLANG_WARN_DIRECT_OBJC_ISA_USAGE = YES_ERROR;
				CLANG_WARN_EMPTY_BODY = YES;
				CLANG_WARN_ENUM_CONVERSION = YES;
				CLANG_WARN_INT_CONVERSION = YES;
				CLANG_WARN_OBJC_ROOT_CLASS = YES_ERROR;
				CLANG_WARN_UNREACHABLE_CODE = YES;
				CLANG_WARN__DUPLICATE_METHOD_MATCH = YES;
				"CODE_SIGN_IDENTITY[sdk=iphoneos*]" = "iPhone Developer";
				COPY_PHASE_STRIP = NO;
				DEBUG_INFORMATION_FORMAT = dwarf;
				ENABLE_STRICT_OBJC_MSGSEND = YES;
				ENABLE_TESTABILITY = YES;
				GCC_C_LANGUAGE_STANDARD = gnu99;
				GCC_DYNAMIC_NO_PIC = NO;
				GCC_NO_COMMON_BLOCKS = YES;
				GCC_OPTIMIZATION_LEVEL = 0;
				GCC_PREPROCESSOR_DEFINITIONS = (
					"DEBUG=1",
					"$(inherited)",
				);
				GCC_WARN_64_TO_32_BIT_CONVERSION = YES;
				GCC_WARN_ABOUT_RETURN_TYPE = YES_ERROR;
				GCC_WARN_UNDECLARED_SELECTOR = YES;
				GCC_WARN_UNINITIALIZED_AUTOS = YES_AGGRESSIVE;
				GCC_WARN_UNUSED_FUNCTION = YES;
				GCC_WARN_UNUSED_VARIABLE = YES;
				IPHONEOS_DEPLOYMENT_TARGET = 9.3;
				MTL_ENABLE_DEBUG_INFO = YES;
				ONLY_ACTIVE_ARCH = YES;
				SDKROOT = iphoneos;
				SWIFT_OPTIMIZATION_LEVEL = "-Onone";
				TARGETED_DEVICE_FAMILY = "1,2";
			};
			name = Debug;
		};
		D86E10061D6122C3007C6849 /* Release */ = {
			isa = XCBuildConfiguration;
			buildSettings = {
				ALWAYS_SEARCH_USER_PATHS = NO;
				CLANG_ANALYZER_NONNULL = YES;
				CLANG_CXX_LANGUAGE_STANDARD = "gnu++0x";
				CLANG_CXX_LIBRARY = "libc++";
				CLANG_ENABLE_MODULES = YES;
				CLANG_ENABLE_OBJC_ARC = YES;
				CLANG_WARN_BOOL_CONVERSION = YES;
				CLANG_WARN_CONSTANT_CONVERSION = YES;
				CLANG_WARN_DIRECT_OBJC_ISA_USAGE = YES_ERROR;
				CLANG_WARN_EMPTY_BODY = YES;
				CLANG_WARN_ENUM_CONVERSION = YES;
				CLANG_WARN_INT_CONVERSION = YES;
				CLANG_WARN_OBJC_ROOT_CLASS = YES_ERROR;
				CLANG_WARN_UNREACHABLE_CODE = YES;
				CLANG_WARN__DUPLICATE_METHOD_MATCH = YES;
				"CODE_SIGN_IDENTITY[sdk=iphoneos*]" = "iPhone Developer";
				COPY_PHASE_STRIP = NO;
				DEBUG_INFORMATION_FORMAT = "dwarf-with-dsym";
				ENABLE_NS_ASSERTIONS = NO;
				ENABLE_STRICT_OBJC_MSGSEND = YES;
				GCC_C_LANGUAGE_STANDARD = gnu99;
				GCC_NO_COMMON_BLOCKS = YES;
				GCC_WARN_64_TO_32_BIT_CONVERSION = YES;
				GCC_WARN_ABOUT_RETURN_TYPE = YES_ERROR;
				GCC_WARN_UNDECLARED_SELECTOR = YES;
				GCC_WARN_UNINITIALIZED_AUTOS = YES_AGGRESSIVE;
				GCC_WARN_UNUSED_FUNCTION = YES;
				GCC_WARN_UNUSED_VARIABLE = YES;
				IPHONEOS_DEPLOYMENT_TARGET = 9.3;
				MTL_ENABLE_DEBUG_INFO = NO;
				SDKROOT = iphoneos;
				TARGETED_DEVICE_FAMILY = "1,2";
				VALIDATE_PRODUCT = YES;
			};
			name = Release;
		};
		D86E10081D6122C3007C6849 /* Debug */ = {
			isa = XCBuildConfiguration;
			buildSettings = {
				ASSETCATALOG_COMPILER_APPICON_NAME = AppIcon;
				DEBUG_INFORMATION_FORMAT = "dwarf-with-dsym";
				FRAMEWORK_SEARCH_PATHS = (
					"$(inherited)",
					"$(PROJECT_DIR)",
				);
				INFOPLIST_FILE = SECOMP/Info.plist;
				LD_RUNPATH_SEARCH_PATHS = "$(inherited) @executable_path/Frameworks";
				PRODUCT_BUNDLE_IDENTIFIER = br.com.secompufscar.SECOMP;
				PRODUCT_NAME = "$(TARGET_NAME)";
				SWIFT_OPTIMIZATION_LEVEL = "-O";
			};
			name = Debug;
		};
		D86E10091D6122C3007C6849 /* Release */ = {
			isa = XCBuildConfiguration;
			buildSettings = {
				ASSETCATALOG_COMPILER_APPICON_NAME = AppIcon;
				FRAMEWORK_SEARCH_PATHS = (
					"$(inherited)",
					"$(PROJECT_DIR)",
				);
				INFOPLIST_FILE = SECOMP/Info.plist;
				LD_RUNPATH_SEARCH_PATHS = "$(inherited) @executable_path/Frameworks";
				PRODUCT_BUNDLE_IDENTIFIER = br.com.secompufscar.SECOMP;
				PRODUCT_NAME = "$(TARGET_NAME)";
			};
			name = Release;
		};
/* End XCBuildConfiguration section */

/* Begin XCConfigurationList section */
		D86E0FED1D6122C3007C6849 /* Build configuration list for PBXProject "SECOMP" */ = {
			isa = XCConfigurationList;
			buildConfigurations = (
				D86E10051D6122C3007C6849 /* Debug */,
				D86E10061D6122C3007C6849 /* Release */,
			);
			defaultConfigurationIsVisible = 0;
			defaultConfigurationName = Release;
		};
		D86E10071D6122C3007C6849 /* Build configuration list for PBXNativeTarget "SECOMP" */ = {
			isa = XCConfigurationList;
			buildConfigurations = (
				D86E10081D6122C3007C6849 /* Debug */,
				D86E10091D6122C3007C6849 /* Release */,
			);
			defaultConfigurationIsVisible = 0;
			defaultConfigurationName = Release;
		};
/* End XCConfigurationList section */

/* Begin XCVersionGroup section */
		D86E0FFC1D6122C3007C6849 /* SECOMP.xcdatamodeld */ = {
			isa = XCVersionGroup;
			children = (
				D86E0FFD1D6122C3007C6849 /* SECOMP.xcdatamodel */,
			);
			currentVersion = D86E0FFD1D6122C3007C6849 /* SECOMP.xcdatamodel */;
			path = SECOMP.xcdatamodeld;
			sourceTree = "<group>";
			versionGroupType = wrapper.xcdatamodel;
		};
/* End XCVersionGroup section */
	};
	rootObject = D86E0FEA1D6122C3007C6849 /* Project object */;
}
